// !$*UTF8*$!
{
	archiveVersion = 1;
	classes = {
	};
	objectVersion = 46;
	objects = {

/* Begin PBXBuildFile section */
		6546E0C41CDC427E00A0DE83 /* main.m in Sources */ = {isa = PBXBuildFile; fileRef = 6546E0C31CDC427E00A0DE83 /* main.m */; };
		6546E0C71CDC427E00A0DE83 /* AppDelegate.m in Sources */ = {isa = PBXBuildFile; fileRef = 6546E0C61CDC427E00A0DE83 /* AppDelegate.m */; };
		6546E0CA1CDC427E00A0DE83 /* ViewController.m in Sources */ = {isa = PBXBuildFile; fileRef = 6546E0C91CDC427E00A0DE83 /* ViewController.m */; };
		6546E0CD1CDC427E00A0DE83 /* Main.storyboard in Resources */ = {isa = PBXBuildFile; fileRef = 6546E0CB1CDC427E00A0DE83 /* Main.storyboard */; };
		6546E0CF1CDC427E00A0DE83 /* Assets.xcassets in Resources */ = {isa = PBXBuildFile; fileRef = 6546E0CE1CDC427E00A0DE83 /* Assets.xcassets */; };
		6546E0D21CDC427E00A0DE83 /* LaunchScreen.storyboard in Resources */ = {isa = PBXBuildFile; fileRef = 6546E0D01CDC427E00A0DE83 /* LaunchScreen.storyboard */; };
/* End PBXBuildFile section */

/* Begin PBXFileReference section */
		6546E0BF1CDC427E00A0DE83 /* YhsShopping.app */ = {isa = PBXFileReference; explicitFileType = wrapper.application; includeInIndex = 0; path = YhsShopping.app; sourceTree = BUILT_PRODUCTS_DIR; };
		6546E0C31CDC427E00A0DE83 /* main.m */ = {isa = PBXFileReference; lastKnownFileType = sourcecode.c.objc; path = main.m; sourceTree = "<group>"; };
		6546E0C51CDC427E00A0DE83 /* AppDelegate.h */ = {isa = PBXFileReference; lastKnownFileType = sourcecode.c.h; path = AppDelegate.h; sourceTree = "<group>"; };
		6546E0C61CDC427E00A0DE83 /* AppDelegate.m */ = {isa = PBXFileReference; lastKnownFileType = sourcecode.c.objc; path = AppDelegate.m; sourceTree = "<group>"; };
		6546E0C81CDC427E00A0DE83 /* ViewController.h */ = {isa = PBXFileReference; lastKnownFileType = sourcecode.c.h; path = ViewController.h; sourceTree = "<group>"; };
		6546E0C91CDC427E00A0DE83 /* ViewController.m */ = {isa = PBXFileReference; lastKnownFileType = sourcecode.c.objc; path = ViewController.m; sourceTree = "<group>"; };
		6546E0CC1CDC427E00A0DE83 /* Base */ = {isa = PBXFileReference; lastKnownFileType = file.storyboard; name = Base; path = Base.lproj/Main.storyboard; sourceTree = "<group>"; };
		6546E0CE1CDC427E00A0DE83 /* Assets.xcassets */ = {isa = PBXFileReference; lastKnownFileType = folder.assetcatalog; path = Assets.xcassets; sourceTree = "<group>"; };
		6546E0D11CDC427E00A0DE83 /* Base */ = {isa = PBXFileReference; lastKnownFileType = file.storyboard; name = Base; path = Base.lproj/LaunchScreen.storyboard; sourceTree = "<group>"; };
		6546E0D31CDC427E00A0DE83 /* Info.plist */ = {isa = PBXFileReference; lastKnownFileType = text.plist.xml; path = Info.plist; sourceTree = "<group>"; };
/* End PBXFileReference section */

/* Begin PBXFrameworksBuildPhase section */
		6546E0BC1CDC427E00A0DE83 /* Frameworks */ = {
			isa = PBXFrameworksBuildPhase;
			buildActionMask = 2147483647;
			files = (
			);
			runOnlyForDeploymentPostprocessing = 0;
		};
/* End PBXFrameworksBuildPhase section */

/* Begin PBXGroup section */
		6546E0B61CDC427E00A0DE83 = {
			isa = PBXGroup;
			children = (
				6546E0C11CDC427E00A0DE83 /* YhsShopping */,
				6546E0C01CDC427E00A0DE83 /* Products */,
			);
			sourceTree = "<group>";
		};
		6546E0C01CDC427E00A0DE83 /* Products */ = {
			isa = PBXGroup;
			children = (
				6546E0BF1CDC427E00A0DE83 /* YhsShopping.app */,
			);
			name = Products;
			sourceTree = "<group>";
		};
		6546E0C11CDC427E00A0DE83 /* YhsShopping */ = {
			isa = PBXGroup;
			children = (
				6546E0C51CDC427E00A0DE83 /* AppDelegate.h */,
				6546E0C61CDC427E00A0DE83 /* AppDelegate.m */,
				6546E0C81CDC427E00A0DE83 /* ViewController.h */,
				6546E0C91CDC427E00A0DE83 /* ViewController.m */,
				6546E0CB1CDC427E00A0DE83 /* Main.storyboard */,
				6546E0CE1CDC427E00A0DE83 /* Assets.xcassets */,
				6546E0D01CDC427E00A0DE83 /* LaunchScreen.storyboard */,
				6546E0D31CDC427E00A0DE83 /* Info.plist */,
				6546E0C21CDC427E00A0DE83 /* Supporting Files */,
			);
			path = YhsShopping;
			sourceTree = "<group>";
		};
		6546E0C21CDC427E00A0DE83 /* Supporting Files */ = {
			isa = PBXGroup;
			children = (
				6546E0C31CDC427E00A0DE83 /* main.m */,
			);
			name = "Supporting Files";
			sourceTree = "<group>";
		};
/* End PBXGroup section */

/* Begin PBXNativeTarget section */
		6546E0BE1CDC427E00A0DE83 /* YhsShopping */ = {
			isa = PBXNativeTarget;
			buildConfigurationList = 6546E0D61CDC427E00A0DE83 /* Build configuration list for PBXNativeTarget "YhsShopping" */;
			buildPhases = (
				6546E0BB1CDC427E00A0DE83 /* Sources */,
				6546E0BC1CDC427E00A0DE83 /* Frameworks */,
				6546E0BD1CDC427E00A0DE83 /* Resources */,
			);
			buildRules = (
			);
			dependencies = (
			);
			name = YhsShopping;
			productName = YhsShopping;
			productReference = 6546E0BF1CDC427E00A0DE83 /* YhsShopping.app */;
			productType = "com.apple.product-type.application";
		};
/* End PBXNativeTarget section */

/* Begin PBXProject section */
		6546E0B71CDC427E00A0DE83 /* Project object */ = {
			isa = PBXProject;
			attributes = {
				LastUpgradeCheck = 0730;
				ORGANIZATIONNAME = "姚海深";
				TargetAttributes = {
					6546E0BE1CDC427E00A0DE83 = {
						CreatedOnToolsVersion = 7.3;
					};
				};
			};
			buildConfigurationList = 6546E0BA1CDC427E00A0DE83 /* Build configuration list for PBXProject "YhsShopping" */;
			compatibilityVersion = "Xcode 3.2";
			developmentRegion = English;
			hasScannedForEncodings = 0;
			knownRegions = (
				en,
				Base,
			);
			mainGroup = 6546E0B61CDC427E00A0DE83;
			productRefGroup = 6546E0C01CDC427E00A0DE83 /* Products */;
			projectDirPath = "";
			projectRoot = "";
			targets = (
				6546E0BE1CDC427E00A0DE83 /* YhsShopping */,
			);
		};
/* End PBXProject section */

/* Begin PBXResourcesBuildPhase section */
		6546E0BD1CDC427E00A0DE83 /* Resources */ = {
			isa = PBXResourcesBuildPhase;
			buildActionMask = 2147483647;
			files = (
				6546E0D21CDC427E00A0DE83 /* LaunchScreen.storyboard in Resources */,
				6546E0CF1CDC427E00A0DE83 /* Assets.xcassets in Resources */,
				6546E0CD1CDC427E00A0DE83 /* Main.storyboard in Resources */,
			);
			runOnlyForDeploymentPostprocessing = 0;
		};
/* End PBXResourcesBuildPhase section */

/* Begin PBXSourcesBuildPhase section */
		6546E0BB1CDC427E00A0DE83 /* Sources */ = {
			isa = PBXSourcesBuildPhase;
			buildActionMask = 2147483647;
			files = (
				6546E0CA1CDC427E00A0DE83 /* ViewController.m in Sources */,
				6546E0C71CDC427E00A0DE83 /* AppDelegate.m in Sources */,
				6546E0C41CDC427E00A0DE83 /* main.m in Sources */,
			);
			runOnlyForDeploymentPostprocessing = 0;
		};
/* End PBXSourcesBuildPhase section */

/* Begin PBXVariantGroup section */
		6546E0CB1CDC427E00A0DE83 /* Main.storyboard */ = {
			isa = PBXVariantGroup;
			children = (
				6546E0CC1CDC427E00A0DE83 /* Base */,
			);
			name = Main.storyboard;
			sourceTree = "<group>";
		};
		6546E0D01CDC427E00A0DE83 /* LaunchScreen.storyboard */ = {
			isa = PBXVariantGroup;
			children = (
				6546E0D11CDC427E00A0DE83 /* Base */,
			);
			name = LaunchScreen.storyboard;
			sourceTree = "<group>";
		};
/* End PBXVariantGroup section */

/* Begin XCBuildConfiguration section */
		6546E0D41CDC427E00A0DE83 /* Debug */ = {
			isa = XCBuildConfiguration;
			buildSettings = {
				ALWAYS_SEARCH_USER_PATHS = NO;
				CLANG_ANALYZER_NONNULL = YES;
				CLANG_CXX_LANGUAGE_STANDARD = "gnu++0x";
				CLANG_CXX_LIBRARY = "libc++";
				CLANG_ENABLE_MODULES = YES;
				CLANG_ENABLE_OBJC_ARC = YES;
				CLANG_WARN_BOOL_CONVERSION = YES;
				CLANG_WARN_CONSTANT_CONVERSION = YES;
				CLANG_WARN_DIRECT_OBJC_ISA_USAGE = YES_ERROR;
				CLANG_WARN_EMPTY_BODY = YES;
				CLANG_WARN_ENUM_CONVERSION = YES;
				CLANG_WARN_INT_CONVERSION = YES;
				CLANG_WARN_OBJC_ROOT_CLASS = YES_ERROR;
				CLANG_WARN_UNREACHABLE_CODE = YES;
				CLANG_WARN__DUPLICATE_METHOD_MATCH = YES;
				"CODE_SIGN_IDENTITY[sdk=iphoneos*]" = "iPhone Developer";
				COPY_PHASE_STRIP = NO;
				DEBUG_INFORMATION_FORMAT = dwarf;
				ENABLE_STRICT_OBJC_MSGSEND = YES;
				ENABLE_TESTABILITY = YES;
				GCC_C_LANGUAGE_STANDARD = gnu99;
				GCC_DYNAMIC_NO_PIC = NO;
				GCC_NO_COMMON_BLOCKS = YES;
				GCC_OPTIMIZATION_LEVEL = 0;
				GCC_PREPROCESSOR_DEFINITIONS = (
					"DEBUG=1",
					"$(inherited)",
				);
				GCC_WARN_64_TO_32_BIT_CONVERSION = YES;
				GCC_WARN_ABOUT_RETURN_TYPE = YES_ERROR;
				GCC_WARN_UNDECLARED_SELECTOR = YES;
				GCC_WARN_UNINITIALIZED_AUTOS = YES_AGGRESSIVE;
				GCC_WARN_UNUSED_FUNCTION = YES;
				GCC_WARN_UNUSED_VARIABLE = YES;
				IPHONEOS_DEPLOYMENT_TARGET = 9.3;
				MTL_ENABLE_DEBUG_INFO = YES;
				ONLY_ACTIVE_ARCH = YES;
				SDKROOT = iphoneos;
				TARGETED_DEVICE_FAMILY = "1,2";
			};
			name = Debug;
		};
		6546E0D51CDC427E00A0DE83 /* Release */ = {
			isa = XCBuildConfiguration;
			buildSettings = {
				ALWAYS_SEARCH_USER_PATHS = NO;
				CLANG_ANALYZER_NONNULL = YES;
				CLANG_CXX_LANGUAGE_STANDARD = "gnu++0x";
				CLANG_CXX_LIBRARY = "libc++";
				CLANG_ENABLE_MODULES = YES;
				CLANG_ENABLE_OBJC_ARC = YES;
				CLANG_WARN_BOOL_CONVERSION = YES;
				CLANG_WARN_CONSTANT_CONVERSION = YES;
				CLANG_WARN_DIRECT_OBJC_ISA_USAGE = YES_ERROR;
				CLANG_WARN_EMPTY_BODY = YES;
				CLANG_WARN_ENUM_CONVERSION = YES;
				CLANG_WARN_INT_CONVERSION = YES;
				CLANG_WARN_OBJC_ROOT_CLASS = YES_ERROR;
				CLANG_WARN_UNREACHABLE_CODE = YES;
				CLANG_WARN__DUPLICATE_METHOD_MATCH = YES;
				"CODE_SIGN_IDENTITY[sdk=iphoneos*]" = "iPhone Developer";
				COPY_PHASE_STRIP = NO;
				DEBUG_INFORMATION_FORMAT = "dwarf-with-dsym";
				ENABLE_NS_ASSERTIONS = NO;
				ENABLE_STRICT_OBJC_MSGSEND = YES;
				GCC_C_LANGUAGE_STANDARD = gnu99;
				GCC_NO_COMMON_BLOCKS = YES;
				GCC_WARN_64_TO_32_BIT_CONVERSION = YES;
				GCC_WARN_ABOUT_RETURN_TYPE = YES_ERROR;
				GCC_WARN_UNDECLARED_SELECTOR = YES;
				GCC_WARN_UNINITIALIZED_AUTOS = YES_AGGRESSIVE;
				GCC_WARN_UNUSED_FUNCTION = YES;
				GCC_WARN_UNUSED_VARIABLE = YES;
				IPHONEOS_DEPLOYMENT_TARGET = 9.3;
				MTL_ENABLE_DEBUG_INFO = NO;
				SDKROOT = iphoneos;
				TARGETED_DEVICE_FAMILY = "1,2";
				VALIDATE_PRODUCT = YES;
			};
			name = Release;
		};
		6546E0D71CDC427E00A0DE83 /* Debug */ = {
			isa = XCBuildConfiguration;
			buildSettings = {
				ASSETCATALOG_COMPILER_APPICON_NAME = AppIcon;
				INFOPLIST_FILE = YhsShopping/Info.plist;
				LD_RUNPATH_SEARCH_PATHS = "$(inherited) @executable_path/Frameworks";
				PRODUCT_BUNDLE_IDENTIFIER = yhs.com.YhsShopping;
				PRODUCT_NAME = "$(TARGET_NAME)";
			};
			name = Debug;
		};
		6546E0D81CDC427E00A0DE83 /* Release */ = {
			isa = XCBuildConfiguration;
			buildSettings = {
				ASSETCATALOG_COMPILER_APPICON_NAME = AppIcon;
				INFOPLIST_FILE = YhsShopping/Info.plist;
				LD_RUNPATH_SEARCH_PATHS = "$(inherited) @executable_path/Frameworks";
				PRODUCT_BUNDLE_IDENTIFIER = yhs.com.YhsShopping;
				PRODUCT_NAME = "$(TARGET_NAME)";
			};
			name = Release;
		};
/* End XCBuildConfiguration section */

/* Begin XCConfigurationList section */
		6546E0BA1CDC427E00A0DE83 /* Build configuration list for PBXProject "YhsShopping" */ = {
			isa = XCConfigurationList;
			buildConfigurations = (
				6546E0D41CDC427E00A0DE83 /* Debug */,
				6546E0D51CDC427E00A0DE83 /* Release */,
			);
			defaultConfigurationIsVisible = 0;
			defaultConfigurationName = Release;
		};
		6546E0D61CDC427E00A0DE83 /* Build configuration list for PBXNativeTarget "YhsShopping" */ = {
			isa = XCConfigurationList;
			buildConfigurations = (
				6546E0D71CDC427E00A0DE83 /* Debug */,
				6546E0D81CDC427E00A0DE83 /* Release */,
			);
			defaultConfigurationIsVisible = 0;
		};
/* End XCConfigurationList section */
	};
	rootObject = 6546E0B71CDC427E00A0DE83 /* Project object */;
}
